
Microsoft Visual Studio Solution File, Format Version 12.00
# Visual Studio 2012
Project("{FAE04EC0-301F-11D3-BF4B-00C04F79EFBC}") = "FrequentlyUseLib", "FrequentlyUseLib\FrequentlyUseLib.csproj", "{744C286C-6DA9-43A8-B844-C2CA2B197F4D}"
EndProject
Project("{2150E333-8FDC-42A3-9474-1A3956D46DE8}") = ".nuget", ".nuget", "{0029F354-BDF0-42D5-8948-D6522A1A55B8}"
	ProjectSection(SolutionItems) = preProject
		.nuget\packages.config = .nuget\packages.config
	EndProjectSection
EndProject
Global
	GlobalSection(SolutionConfigurationPlatforms) = preSolution
		Debug|Any CPU = Debug|Any CPU
		Release|Any CPU = Release|Any CPU
	EndGlobalSection
	GlobalSection(ProjectConfigurationPlatforms) = postSolution
		{744C286C-6DA9-43A8-B844-C2CA2B197F4D}.Debug|Any CPU.ActiveCfg = Debug|Any CPU
		{744C286C-6DA9-43A8-B844-C2CA2B197F4D}.Debug|Any CPU.Build.0 = Debug|Any CPU
		{744C286C-6DA9-43A8-B844-C2CA2B197F4D}.Release|Any CPU.ActiveCfg = Release|Any CPU
		{744C286C-6DA9-43A8-B844-C2CA2B197F4D}.Release|Any CPU.Build.0 = Release|Any CPU
	EndGlobalSection
	GlobalSection(SolutionProperties) = preSolution
		HideSolutionNode = FALSE
	EndGlobalSection
EndGlobal
